<?xml version="1.0" encoding="utf-8"?>
<Project ToolsVersion="4.0" xmlns="http://schemas.microsoft.com/developer/msbuild/2003">
  <ItemGroup>
    <ClCompile Include="$(MSBuildThisFileDirectory)Input.cpp" />
    <ClCompile Include="$(MSBuildThisFileDirectory)Scene_Level.cpp" />
    <ClCompile Include="$(MSBuildThisFileDirectory)Scene_LevelManager.cpp" />
    <ClCompile Include="$(MSBuildThisFileDirectory)Timer.cpp" />
    <ClCompile Include="$(MSBuildThisFileDirectory)WonApplication.cpp" />
    <ClCompile Include="$(MSBuildThisFileDirectory)Transform.cpp">
      <Filter>Components</Filter>
    </ClCompile>
    <ClCompile Include="$(MSBuildThisFileDirectory)SpriteRenderComponent.cpp">
      <Filter>Components</Filter>
    </ClCompile>
    <ClCompile Include="$(MSBuildThisFileDirectory)Entry.cpp">
      <Filter>Common</Filter>
    </ClCompile>
    <ClCompile Include="$(MSBuildThisFileDirectory)GameObject.cpp">
      <Filter>GameObject</Filter>
    </ClCompile>
    <ClCompile Include="$(MSBuildThisFileDirectory)Actor.cpp">
      <Filter>GameObject</Filter>
    </ClCompile>
    <ClCompile Include="$(MSBuildThisFileDirectory)Component.cpp">
      <Filter>Components</Filter>
    </ClCompile>
    <ClCompile Include="$(MSBuildThisFileDirectory)WonMath.cpp">
      <Filter>Common</Filter>
    </ClCompile>
    <ClCompile Include="$(MSBuildThisFileDirectory)WLayer.cpp" />
    <ClCompile Include="$(MSBuildThisFileDirectory)WonObject.cpp" />
  </ItemGroup>
  <ItemGroup>
    <ClInclude Include="$(MSBuildThisFileDirectory)Input.h" />
    <ClInclude Include="$(MSBuildThisFileDirectory)Scene_Level.h" />
    <ClInclude Include="$(MSBuildThisFileDirectory)Scene_LevelManager.h" />
    <ClInclude Include="$(MSBuildThisFileDirectory)Timer.h" />
    <ClInclude Include="$(MSBuildThisFileDirectory)WonApplication.h" />
    <ClInclude Include="$(MSBuildThisFileDirectory)Transform.h">
      <Filter>Components</Filter>
    </ClInclude>
    <ClInclude Include="$(MSBuildThisFileDirectory)SpriteRenderComponent.h">
      <Filter>Components</Filter>
    </ClInclude>
    <ClInclude Include="$(MSBuildThisFileDirectory)Entry.h">
      <Filter>Common</Filter>
    </ClInclude>
    <ClInclude Include="$(MSBuildThisFileDirectory)GameObject.h">
      <Filter>GameObject</Filter>
    </ClInclude>
    <ClInclude Include="$(MSBuildThisFileDirectory)Actor.h">
      <Filter>GameObject</Filter>
    </ClInclude>
    <ClInclude Include="$(MSBuildThisFileDirectory)Component.h">
      <Filter>Components</Filter>
    </ClInclude>
    <ClInclude Include="$(MSBuildThisFileDirectory)WonMath.h">
      <Filter>Common</Filter>
    </ClInclude>
    <ClInclude Include="$(MSBuildThisFileDirectory)WLayer.h" />
    <ClInclude Include="$(MSBuildThisFileDirectory)includeHeader.h">
      <Filter>Common</Filter>
    </ClInclude>
    <ClInclude Include="$(MSBuildThisFileDirectory)WonEnum.h">
      <Filter>Common</Filter>
    </ClInclude>
    <ClInclude Include="$(MSBuildThisFileDirectory)WonObject.h" />
  </ItemGroup>
  <ItemGroup>
    <Filter Include="Components">
      <UniqueIdentifier>{4f68f90e-586e-4fb1-ad45-02d8db8bbadf}</UniqueIdentifier>
    </Filter>
    <Filter Include="Common">
      <UniqueIdentifier>{d484a95f-0142-4495-860c-13e70e2ee376}</UniqueIdentifier>
    </Filter>
    <Filter Include="GameObject">
      <UniqueIdentifier>{0d386a07-f3ad-41b7-9578-caf272136d28}</UniqueIdentifier>
    </Filter>
  </ItemGroup>
</Project>