<?xml version="1.0" encoding="utf-8"?>
<Project ToolsVersion="4.0" xmlns="http://schemas.microsoft.com/developer/msbuild/2003">
  <ItemGroup>
    <ClInclude Include="LoadScene_Level.h" />
    <ClInclude Include="PlayScene_Level.h">
      <Filter>Scene</Filter>
    </ClInclude>
    <ClInclude Include="Player.h" />
    <ClInclude Include="EndScene_Level.h">
      <Filter>Scene</Filter>
    </ClInclude>
    <ClInclude Include="LoadResources.h" />
    <ClInclude Include="WPlayerScript.h" />
    <ClInclude Include="TitleScene_Level.h">
      <Filter>Scene</Filter>
    </ClInclude>
    <ClInclude Include="Enemy.h" />
    <ClInclude Include="WEnemyScript.h" />
  </ItemGroup>
  <ItemGroup>
    <Filter Include="Scene">
      <UniqueIdentifier>{80bb6932-b782-4fca-bdd4-914d54385838}</UniqueIdentifier>
    </Filter>
  </ItemGroup>
  <ItemGroup>
    <ClCompile Include="PlayScene_Level.cpp">
      <Filter>Scene</Filter>
    </ClCompile>
    <ClCompile Include="Player.cpp" />
    <ClCompile Include="EndScene_Level.cpp">
      <Filter>Scene</Filter>
    </ClCompile>
    <ClCompile Include="WPlayerScript.cpp" />
    <ClCompile Include="TitleScene_Level.cpp">
      <Filter>Scene</Filter>
    </ClCompile>
    <ClCompile Include="Enemy.cpp" />
    <ClCompile Include="WEnemyScript.cpp" />
  </ItemGroup>
  <ItemGroup>
    <None Include="ClassDiagram.cd" />
  </ItemGroup>
</Project>